# This file was autogenerated by Stack.
# You should not edit this file by hand.
# For more information, please see the documentation at:
#   https://docs.haskellstack.org/en/stable/lock_files

packages:
- completed:
    cabal-file:
      size: 5011
      sha256: 6103d576e316070136f8fa52777b2f19821e9f0e826708dfeac01df568761677
    name: criterion
    version: 1.2.4.0
    git: https://github.com/bos/criterion.git
    pantry-tree:
      size: 3399
      sha256: f06a99bbf305203383f3613b17a58002990a0248cb2e8b65b9106d8992c213b9
    commit: bea91eae7a6c0d4246045f27c9462ea6d138591a
  original:
    git: https://github.com/bos/criterion.git
    commit: bea91eae7a6c0d4246045f27c9462ea6d138591a
snapshots:
- completed:
    size: 566883
    url: https://raw.githubusercontent.com/commercialhaskell/stackage-snapshots/master/lts/10/0.yaml
    sha256: d0ee122a83faa02a679829d43b3485b21827c3cc1cce0db8ac8957b78d45bee3
  original: lts-10.0
